
Microsoft Visual Studio Solution File, Format Version 12.00
# Visual Studio Version 16
VisualStudioVersion = 16.0.31129.286
MinimumVisualStudioVersion = 10.0.40219.1
Project("{FAE04EC0-301F-11D3-BF4B-00C04F79EFBC}") = "Sistema Gatos", "Sistema Gatos.csproj", "{8E2D3C66-2381-4277-9B81-DEC901A000A7}"
EndProject
Global
	GlobalSection(SolutionConfigurationPlatforms) = preSolution
		Debug|Any CPU = Debug|Any CPU
		Release|Any CPU = Release|Any CPU
	EndGlobalSection
	GlobalSection(ProjectConfigurationPlatforms) = postSolution
		{8E2D3C66-2381-4277-9B81-DEC901A000A7}.Debug|Any CPU.ActiveCfg = Debug|Any CPU
		{8E2D3C66-2381-4277-9B81-DEC901A000A7}.Debug|Any CPU.Build.0 = Debug|Any CPU
		{8E2D3C66-2381-4277-9B81-DEC901A000A7}.Release|Any CPU.ActiveCfg = Release|Any CPU
		{8E2D3C66-2381-4277-9B81-DEC901A000A7}.Release|Any CPU.Build.0 = Release|Any CPU
	EndGlobalSection
	GlobalSection(SolutionProperties) = preSolution
		HideSolutionNode = FALSE
	EndGlobalSection
	GlobalSection(ExtensibilityGlobals) = postSolution
		SolutionGuid = {321DB495-45D8-4261-8E0A-EA8EB8B21F9B}
	EndGlobalSection
EndGlobal
